
Microsoft Visual Studio Solution File, Format Version 12.00
Project("{FAE04EC0-301F-11D3-BF4B-00C04F79EFBC}") = "CRUD", "CRUD\CRUD.csproj", "{ECD11A91-E0B8-473C-A0C1-C1853844161A}"
EndProject
Global
	GlobalSection(SolutionConfigurationPlatforms) = preSolution
		Debug|Any CPU = Debug|Any CPU
		Release|Any CPU = Release|Any CPU
	EndGlobalSection
	GlobalSection(ProjectConfigurationPlatforms) = postSolution
		{ECD11A91-E0B8-473C-A0C1-C1853844161A}.Debug|Any CPU.ActiveCfg = Debug|Any CPU
		{ECD11A91-E0B8-473C-A0C1-C1853844161A}.Debug|Any CPU.Build.0 = Debug|Any CPU
		{ECD11A91-E0B8-473C-A0C1-C1853844161A}.Release|Any CPU.ActiveCfg = Release|Any CPU
		{ECD11A91-E0B8-473C-A0C1-C1853844161A}.Release|Any CPU.Build.0 = Release|Any CPU
	EndGlobalSection
EndGlobal
